Microsoft Visual Studio Solution File, Format Version 7.00
Project("{F184B08F-C81C-45F6-A57F-5ABD9991F28F}") = "ControlOnly", "ControlOnly.vbproj", "{6876D4BF-1A69-400E-9E4A-8626EB1AD388}"
EndProject
Global
	GlobalSection(SolutionConfiguration) = preSolution
		ConfigName.0 = Debug
		ConfigName.1 = Release
	EndGlobalSection
	GlobalSection(ProjectDependencies) = postSolution
	EndGlobalSection
	GlobalSection(ProjectConfiguration) = postSolution
		{6876D4BF-1A69-400E-9E4A-8626EB1AD388}.Debug.ActiveCfg = Debug|.NET
		{6876D4BF-1A69-400E-9E4A-8626EB1AD388}.Debug.Build.0 = Debug|.NET
		{6876D4BF-1A69-400E-9E4A-8626EB1AD388}.Release.ActiveCfg = Release|.NET
		{6876D4BF-1A69-400E-9E4A-8626EB1AD388}.Release.Build.0 = Release|.NET
	EndGlobalSection
	GlobalSection(ExtensibilityGlobals) = postSolution
	EndGlobalSection
	GlobalSection(ExtensibilityAddIns) = postSolution
	EndGlobalSection
EndGlobal
