Microsoft Visual Studio Solution File, Format Version 7.00
Project("{F184B08F-C81C-45F6-A57F-5ABD9991F28F}") = "DirectMembers", "DirectMembers.vbproj", "{77D96BEF-FB90-4B88-B53A-A1CE7EEAAC12}"
EndProject
Global
	GlobalSection(SolutionConfiguration) = preSolution
		ConfigName.0 = Debug
		ConfigName.1 = Release
	EndGlobalSection
	GlobalSection(ProjectDependencies) = postSolution
	EndGlobalSection
	GlobalSection(ProjectConfiguration) = postSolution
		{77D96BEF-FB90-4B88-B53A-A1CE7EEAAC12}.Debug.ActiveCfg = Debug|.NET
		{77D96BEF-FB90-4B88-B53A-A1CE7EEAAC12}.Debug.Build.0 = Debug|.NET
		{77D96BEF-FB90-4B88-B53A-A1CE7EEAAC12}.Release.ActiveCfg = Release|.NET
		{77D96BEF-FB90-4B88-B53A-A1CE7EEAAC12}.Release.Build.0 = Release|.NET
	EndGlobalSection
	GlobalSection(ExtensibilityGlobals) = postSolution
	EndGlobalSection
	GlobalSection(ExtensibilityAddIns) = postSolution
	EndGlobalSection
EndGlobal
