Microsoft Visual Studio Solution File, Format Version 7.00
Project("{F184B08F-C81C-45F6-A57F-5ABD9991F28F}") = "MemoryLeakNot", "MemoryLeakNot.vbproj", "{02193DF0-D25C-4904-AEFF-11361B83446F}"
EndProject
Global
	GlobalSection(SolutionConfiguration) = preSolution
		ConfigName.0 = Debug
		ConfigName.1 = Release
	EndGlobalSection
	GlobalSection(ProjectDependencies) = postSolution
	EndGlobalSection
	GlobalSection(ProjectConfiguration) = postSolution
		{02193DF0-D25C-4904-AEFF-11361B83446F}.Debug.ActiveCfg = Debug|.NET
		{02193DF0-D25C-4904-AEFF-11361B83446F}.Debug.Build.0 = Debug|.NET
		{02193DF0-D25C-4904-AEFF-11361B83446F}.Release.ActiveCfg = Release|.NET
		{02193DF0-D25C-4904-AEFF-11361B83446F}.Release.Build.0 = Release|.NET
	EndGlobalSection
	GlobalSection(ExtensibilityGlobals) = postSolution
	EndGlobalSection
	GlobalSection(ExtensibilityAddIns) = postSolution
	EndGlobalSection
EndGlobal
