Microsoft Visual Studio Solution File, Format Version 8.00
Project("{F184B08F-C81C-45F6-A57F-5ABD9991F28F}") = "StaticsTest", "StaticsTest.vbproj", "{06377CFC-D8C6-47A9-8064-8F03CBB78B39}"
	ProjectSection(ProjectDependencies) = postProject
	EndProjectSection
EndProject
Global
	GlobalSection(SolutionConfiguration) = preSolution
		Debug = Debug
		Release = Release
	EndGlobalSection
	GlobalSection(ProjectConfiguration) = postSolution
		{06377CFC-D8C6-47A9-8064-8F03CBB78B39}.Debug.ActiveCfg = Debug|.NET
		{06377CFC-D8C6-47A9-8064-8F03CBB78B39}.Debug.Build.0 = Debug|.NET
		{06377CFC-D8C6-47A9-8064-8F03CBB78B39}.Release.ActiveCfg = Release|.NET
		{06377CFC-D8C6-47A9-8064-8F03CBB78B39}.Release.Build.0 = Release|.NET
	EndGlobalSection
	GlobalSection(ExtensibilityGlobals) = postSolution
	EndGlobalSection
	GlobalSection(ExtensibilityAddIns) = postSolution
	EndGlobalSection
EndGlobal
