Microsoft Visual Studio Solution File, Format Version 8.00
Project("{F184B08F-C81C-45F6-A57F-5ABD9991F28F}") = "ForEach", "ForEach.vbproj", "{CAE650B4-698E-45DD-9838-8B64000E92F7}"
	ProjectSection(ProjectDependencies) = postProject
	EndProjectSection
EndProject
Global
	GlobalSection(SolutionConfiguration) = preSolution
		Debug = Debug
		Release = Release
	EndGlobalSection
	GlobalSection(ProjectConfiguration) = postSolution
		{CAE650B4-698E-45DD-9838-8B64000E92F7}.Debug.ActiveCfg = Debug|.NET
		{CAE650B4-698E-45DD-9838-8B64000E92F7}.Debug.Build.0 = Debug|.NET
		{CAE650B4-698E-45DD-9838-8B64000E92F7}.Release.ActiveCfg = Release|.NET
		{CAE650B4-698E-45DD-9838-8B64000E92F7}.Release.Build.0 = Release|.NET
	EndGlobalSection
	GlobalSection(ExtensibilityGlobals) = postSolution
	EndGlobalSection
	GlobalSection(ExtensibilityAddIns) = postSolution
	EndGlobalSection
EndGlobal
