Microsoft Visual Studio Solution File, Format Version 7.00
Project("{F184B08F-C81C-45F6-A57F-5ABD9991F28F}") = "UnsignedDLL1", "UnsignedDLL1.vbproj", "{B1291830-A49C-4908-93D5-83C06CF819E4}"
EndProject
Global
	GlobalSection(SolutionConfiguration) = preSolution
		ConfigName.0 = Debug
		ConfigName.1 = Release
	EndGlobalSection
	GlobalSection(ProjectDependencies) = postSolution
	EndGlobalSection
	GlobalSection(ProjectConfiguration) = postSolution
		{B1291830-A49C-4908-93D5-83C06CF819E4}.Debug.ActiveCfg = Debug|.NET
		{B1291830-A49C-4908-93D5-83C06CF819E4}.Debug.Build.0 = Debug|.NET
		{B1291830-A49C-4908-93D5-83C06CF819E4}.Release.ActiveCfg = Release|.NET
		{B1291830-A49C-4908-93D5-83C06CF819E4}.Release.Build.0 = Release|.NET
	EndGlobalSection
	GlobalSection(ExtensibilityGlobals) = postSolution
	EndGlobalSection
	GlobalSection(ExtensibilityAddIns) = postSolution
	EndGlobalSection
EndGlobal
