Microsoft Visual Studio Solution File, Format Version 8.00
Project("{F184B08F-C81C-45F6-A57F-5ABD9991F28F}") = "IODemo", "IODemo.vbproj", "{F03D39AB-CAD3-4664-8556-1B19D290B71C}"
	ProjectSection(ProjectDependencies) = postProject
	EndProjectSection
EndProject
Global
	GlobalSection(SolutionConfiguration) = preSolution
		Debug = Debug
		Release = Release
	EndGlobalSection
	GlobalSection(ProjectConfiguration) = postSolution
		{F03D39AB-CAD3-4664-8556-1B19D290B71C}.Debug.ActiveCfg = Debug|.NET
		{F03D39AB-CAD3-4664-8556-1B19D290B71C}.Debug.Build.0 = Debug|.NET
		{F03D39AB-CAD3-4664-8556-1B19D290B71C}.Release.ActiveCfg = Release|.NET
		{F03D39AB-CAD3-4664-8556-1B19D290B71C}.Release.Build.0 = Release|.NET
	EndGlobalSection
	GlobalSection(ExtensibilityGlobals) = postSolution
	EndGlobalSection
	GlobalSection(ExtensibilityAddIns) = postSolution
	EndGlobalSection
EndGlobal
