Microsoft Visual Studio Solution File, Format Version 8.00
Project("{F184B08F-C81C-45F6-A57F-5ABD9991F28F}") = "GraphicDemo", "GraphicDemo.vbproj", "{C753CE2E-31BD-40E4-B8D8-3E6BE4F28313}"
	ProjectSection(ProjectDependencies) = postProject
	EndProjectSection
EndProject
Global
	GlobalSection(SolutionConfiguration) = preSolution
		Debug = Debug
		Release = Release
	EndGlobalSection
	GlobalSection(ProjectConfiguration) = postSolution
		{C753CE2E-31BD-40E4-B8D8-3E6BE4F28313}.Debug.ActiveCfg = Debug|.NET
		{C753CE2E-31BD-40E4-B8D8-3E6BE4F28313}.Debug.Build.0 = Debug|.NET
		{C753CE2E-31BD-40E4-B8D8-3E6BE4F28313}.Release.ActiveCfg = Release|.NET
		{C753CE2E-31BD-40E4-B8D8-3E6BE4F28313}.Release.Build.0 = Release|.NET
	EndGlobalSection
	GlobalSection(ExtensibilityGlobals) = postSolution
	EndGlobalSection
	GlobalSection(ExtensibilityAddIns) = postSolution
	EndGlobalSection
EndGlobal
