Microsoft Visual Studio Solution File, Format Version 7.00
Project("{FAE04EC0-301F-11D3-BF4B-00C04F79EFBC}") = "ScopingCSharp", "ScopingCSharp.csproj", "{A2D9BBEA-C16A-49C5-9E4E-5BCC4125A626}"
EndProject
Global
	GlobalSection(SolutionConfiguration) = preSolution
		ConfigName.0 = Debug
		ConfigName.1 = Release
	EndGlobalSection
	GlobalSection(ProjectDependencies) = postSolution
	EndGlobalSection
	GlobalSection(ProjectConfiguration) = postSolution
		{A2D9BBEA-C16A-49C5-9E4E-5BCC4125A626}.Debug.ActiveCfg = Debug|.NET
		{A2D9BBEA-C16A-49C5-9E4E-5BCC4125A626}.Debug.Build.0 = Debug|.NET
		{A2D9BBEA-C16A-49C5-9E4E-5BCC4125A626}.Release.ActiveCfg = Release|.NET
		{A2D9BBEA-C16A-49C5-9E4E-5BCC4125A626}.Release.Build.0 = Release|.NET
	EndGlobalSection
	GlobalSection(ExtensibilityGlobals) = postSolution
	EndGlobalSection
	GlobalSection(ExtensibilityAddIns) = postSolution
	EndGlobalSection
EndGlobal
