Microsoft Visual Studio Solution File, Format Version 8.00
Project("{F184B08F-C81C-45F6-A57F-5ABD9991F28F}") = "strongDLL1", "strongDLL1.vbproj", "{7DAB01CE-7587-49BB-9BBD-C12420F10D28}"
	ProjectSection(ProjectDependencies) = postProject
	EndProjectSection
EndProject
Global
	GlobalSection(SolutionConfiguration) = preSolution
		Debug = Debug
		Release = Release
	EndGlobalSection
	GlobalSection(ProjectConfiguration) = postSolution
		{7DAB01CE-7587-49BB-9BBD-C12420F10D28}.Debug.ActiveCfg = Debug|.NET
		{7DAB01CE-7587-49BB-9BBD-C12420F10D28}.Debug.Build.0 = Debug|.NET
		{7DAB01CE-7587-49BB-9BBD-C12420F10D28}.Release.ActiveCfg = Release|.NET
		{7DAB01CE-7587-49BB-9BBD-C12420F10D28}.Release.Build.0 = Release|.NET
	EndGlobalSection
	GlobalSection(ExtensibilityGlobals) = postSolution
	EndGlobalSection
	GlobalSection(ExtensibilityAddIns) = postSolution
	EndGlobalSection
EndGlobal
