Microsoft Visual Studio Solution File, Format Version 7.00
Project("{F184B08F-C81C-45F6-A57F-5ABD9991F28F}") = "ConsoleApplication1", "ConsoleApplication1\ConsoleApplication1.vbproj", "{4DD78EB5-3BE7-4D3D-9C1D-99875A8EC9CA}"
EndProject
Project("{F184B08F-C81C-45F6-A57F-5ABD9991F28F}") = "GroupSupport", "GroupSupport\GroupSupport.vbproj", "{DA74193B-4FBD-44F3-B3EA-22267214E4DC}"
EndProject
Global
	GlobalSection(SolutionConfiguration) = preSolution
		ConfigName.0 = Debug
		ConfigName.1 = Release
	EndGlobalSection
	GlobalSection(ProjectDependencies) = postSolution
	EndGlobalSection
	GlobalSection(ProjectConfiguration) = postSolution
		{4DD78EB5-3BE7-4D3D-9C1D-99875A8EC9CA}.Debug.ActiveCfg = Debug|.NET
		{4DD78EB5-3BE7-4D3D-9C1D-99875A8EC9CA}.Debug.Build.0 = Debug|.NET
		{4DD78EB5-3BE7-4D3D-9C1D-99875A8EC9CA}.Release.ActiveCfg = Release|.NET
		{4DD78EB5-3BE7-4D3D-9C1D-99875A8EC9CA}.Release.Build.0 = Release|.NET
		{DA74193B-4FBD-44F3-B3EA-22267214E4DC}.Debug.ActiveCfg = Debug|.NET
		{DA74193B-4FBD-44F3-B3EA-22267214E4DC}.Debug.Build.0 = Debug|.NET
		{DA74193B-4FBD-44F3-B3EA-22267214E4DC}.Release.ActiveCfg = Release|.NET
		{DA74193B-4FBD-44F3-B3EA-22267214E4DC}.Release.Build.0 = Release|.NET
	EndGlobalSection
	GlobalSection(ExtensibilityGlobals) = postSolution
	EndGlobalSection
	GlobalSection(ExtensibilityAddIns) = postSolution
	EndGlobalSection
EndGlobal
