Microsoft Visual Studio Solution File, Format Version 8.00
Project("{F184B08F-C81C-45F6-A57F-5ABD9991F28F}") = "EventExample", "EventExample.vbproj", "{21001CE7-55DA-4B6B-A18E-0B3A68848506}"
	ProjectSection(ProjectDependencies) = postProject
	EndProjectSection
EndProject
Global
	GlobalSection(SolutionConfiguration) = preSolution
		Debug = Debug
		Release = Release
	EndGlobalSection
	GlobalSection(ProjectConfiguration) = postSolution
		{21001CE7-55DA-4B6B-A18E-0B3A68848506}.Debug.ActiveCfg = Debug|.NET
		{21001CE7-55DA-4B6B-A18E-0B3A68848506}.Debug.Build.0 = Debug|.NET
		{21001CE7-55DA-4B6B-A18E-0B3A68848506}.Release.ActiveCfg = Release|.NET
		{21001CE7-55DA-4B6B-A18E-0B3A68848506}.Release.Build.0 = Release|.NET
	EndGlobalSection
	GlobalSection(ExtensibilityGlobals) = postSolution
	EndGlobalSection
	GlobalSection(ExtensibilityAddIns) = postSolution
	EndGlobalSection
EndGlobal
