Microsoft Visual Studio Solution File, Format Version 8.00
Project("{FAE04EC0-301F-11D3-BF4B-00C04F79EFBC}") = "ScopingCSharp", "ScopingCSharp.csproj", "{A2D9BBEA-C16A-49C5-9E4E-5BCC4125A626}"
	ProjectSection(ProjectDependencies) = postProject
	EndProjectSection
EndProject
Global
	GlobalSection(SolutionConfiguration) = preSolution
		Debug = Debug
		Release = Release
	EndGlobalSection
	GlobalSection(ProjectConfiguration) = postSolution
		{A2D9BBEA-C16A-49C5-9E4E-5BCC4125A626}.Debug.ActiveCfg = Debug|.NET
		{A2D9BBEA-C16A-49C5-9E4E-5BCC4125A626}.Debug.Build.0 = Debug|.NET
		{A2D9BBEA-C16A-49C5-9E4E-5BCC4125A626}.Release.ActiveCfg = Release|.NET
		{A2D9BBEA-C16A-49C5-9E4E-5BCC4125A626}.Release.Build.0 = Release|.NET
	EndGlobalSection
	GlobalSection(ExtensibilityGlobals) = postSolution
	EndGlobalSection
	GlobalSection(ExtensibilityAddIns) = postSolution
	EndGlobalSection
EndGlobal
