Microsoft Visual Studio Solution File, Format Version 8.00
Project("{F184B08F-C81C-45F6-A57F-5ABD9991F28F}") = "IntegerObject", "IntegerObject.vbproj", "{12B39F6A-11D6-4902-85FB-BB74621F2787}"
	ProjectSection(ProjectDependencies) = postProject
	EndProjectSection
EndProject
Global
	GlobalSection(SolutionConfiguration) = preSolution
		Debug = Debug
		Release = Release
	EndGlobalSection
	GlobalSection(ProjectConfiguration) = postSolution
		{12B39F6A-11D6-4902-85FB-BB74621F2787}.Debug.ActiveCfg = Debug|.NET
		{12B39F6A-11D6-4902-85FB-BB74621F2787}.Debug.Build.0 = Debug|.NET
		{12B39F6A-11D6-4902-85FB-BB74621F2787}.Release.ActiveCfg = Release|.NET
		{12B39F6A-11D6-4902-85FB-BB74621F2787}.Release.Build.0 = Release|.NET
	EndGlobalSection
	GlobalSection(ExtensibilityGlobals) = postSolution
	EndGlobalSection
	GlobalSection(ExtensibilityAddIns) = postSolution
	EndGlobalSection
EndGlobal
