Microsoft Visual Studio Solution File, Format Version 8.00
Project("{F184B08F-C81C-45F6-A57F-5ABD9991F28F}") = "CH14WebBillingService", "http://localhost/CH14WebBillingService/CH14WebBillingService.vbproj", "{632AA3E1-370F-44B2-9209-60BB2D52235D}"
	ProjectSection(ProjectDependencies) = postProject
	EndProjectSection
EndProject
Project("{F184B08F-C81C-45F6-A57F-5ABD9991F28F}") = "Billing", "..\BillingComponent\Billing.vbproj", "{FEF883E1-6547-43C2-907C-7CE321E059AB}"
	ProjectSection(ProjectDependencies) = postProject
	EndProjectSection
EndProject
Global
	GlobalSection(SolutionConfiguration) = preSolution
		Debug = Debug
		Release = Release
	EndGlobalSection
	GlobalSection(ProjectConfiguration) = postSolution
		{632AA3E1-370F-44B2-9209-60BB2D52235D}.Debug.ActiveCfg = Debug|.NET
		{632AA3E1-370F-44B2-9209-60BB2D52235D}.Debug.Build.0 = Debug|.NET
		{632AA3E1-370F-44B2-9209-60BB2D52235D}.Release.ActiveCfg = Release|.NET
		{632AA3E1-370F-44B2-9209-60BB2D52235D}.Release.Build.0 = Release|.NET
		{FEF883E1-6547-43C2-907C-7CE321E059AB}.Debug.ActiveCfg = Debug|.NET
		{FEF883E1-6547-43C2-907C-7CE321E059AB}.Debug.Build.0 = Debug|.NET
		{FEF883E1-6547-43C2-907C-7CE321E059AB}.Release.ActiveCfg = Release|.NET
		{FEF883E1-6547-43C2-907C-7CE321E059AB}.Release.Build.0 = Release|.NET
	EndGlobalSection
	GlobalSection(ExtensibilityGlobals) = postSolution
	EndGlobalSection
	GlobalSection(ExtensibilityAddIns) = postSolution
	EndGlobalSection
EndGlobal
