Microsoft Visual Studio Solution File, Format Version 7.00
Project("{F184B08F-C81C-45F6-A57F-5ABD9991F28F}") = "VB6Tests", "VB6Tests.vbproj", "{44342F43-67C3-4996-898A-99D10E1BBC18}"
EndProject
Global
	GlobalSection(SolutionConfiguration) = preSolution
		ConfigName.0 = Debug
		ConfigName.1 = Release
	EndGlobalSection
	GlobalSection(ProjectDependencies) = postSolution
	EndGlobalSection
	GlobalSection(ProjectConfiguration) = postSolution
		{44342F43-67C3-4996-898A-99D10E1BBC18}.Debug.ActiveCfg = Debug|.NET
		{44342F43-67C3-4996-898A-99D10E1BBC18}.Debug.Build.0 = Debug|.NET
		{44342F43-67C3-4996-898A-99D10E1BBC18}.Release.ActiveCfg = Release|.NET
		{44342F43-67C3-4996-898A-99D10E1BBC18}.Release.Build.0 = Release|.NET
	EndGlobalSection
	GlobalSection(ExtensibilityGlobals) = postSolution
	EndGlobalSection
	GlobalSection(ExtensibilityAddIns) = postSolution
	EndGlobalSection
EndGlobal
