Microsoft Visual Studio Solution File, Format Version 8.00
Project("{F184B08F-C81C-45F6-A57F-5ABD9991F28F}") = "ArrayExample", "ArrayExample.vbproj", "{44563582-8F80-4D9E-84EA-954934783F3F}"
	ProjectSection(ProjectDependencies) = postProject
	EndProjectSection
EndProject
Global
	GlobalSection(SolutionConfiguration) = preSolution
		Debug = Debug
		Release = Release
	EndGlobalSection
	GlobalSection(ProjectConfiguration) = postSolution
		{44563582-8F80-4D9E-84EA-954934783F3F}.Debug.ActiveCfg = Debug|.NET
		{44563582-8F80-4D9E-84EA-954934783F3F}.Debug.Build.0 = Debug|.NET
		{44563582-8F80-4D9E-84EA-954934783F3F}.Release.ActiveCfg = Release|.NET
		{44563582-8F80-4D9E-84EA-954934783F3F}.Release.Build.0 = Release|.NET
	EndGlobalSection
	GlobalSection(ExtensibilityGlobals) = postSolution
	EndGlobalSection
	GlobalSection(ExtensibilityAddIns) = postSolution
	EndGlobalSection
EndGlobal
